
Microsoft Visual Studio Solution File, Format Version 11.00
# Visual Studio 2010
Project("{FAE04EC0-301F-11D3-BF4B-00C04F79EFBC}") = "OggStream", "OggStream.csproj", "{7BABE72F-07E3-40E9-A65B-4EF98029AE6B}"
EndProject
Project("{FAE04EC0-301F-11D3-BF4B-00C04F79EFBC}") = "NVorbis", "..\NVorbis\Lib\NVorbis.csproj", "{A372E591-DFEF-49C4-9C82-98C4361EFCCD}"
EndProject
Global
	GlobalSection(SolutionConfigurationPlatforms) = preSolution
		Debug - Unsafe MDCT|Any CPU = Debug - Unsafe MDCT|Any CPU
		Debug - Unsafe MDCT|Mixed Platforms = Debug - Unsafe MDCT|Mixed Platforms
		Debug - Unsafe MDCT|x86 = Debug - Unsafe MDCT|x86
		Debug|Any CPU = Debug|Any CPU
		Debug|Mixed Platforms = Debug|Mixed Platforms
		Debug|x86 = Debug|x86
		Release - Unsafe MDCT|Any CPU = Release - Unsafe MDCT|Any CPU
		Release - Unsafe MDCT|Mixed Platforms = Release - Unsafe MDCT|Mixed Platforms
		Release - Unsafe MDCT|x86 = Release - Unsafe MDCT|x86
		Release|Any CPU = Release|Any CPU
		Release|Mixed Platforms = Release|Mixed Platforms
		Release|x86 = Release|x86
	EndGlobalSection
	GlobalSection(ProjectConfigurationPlatforms) = postSolution
		{7BABE72F-07E3-40E9-A65B-4EF98029AE6B}.Debug - Unsafe MDCT|Any CPU.ActiveCfg = Debug|x86
		{7BABE72F-07E3-40E9-A65B-4EF98029AE6B}.Debug - Unsafe MDCT|Mixed Platforms.ActiveCfg = Debug|x86
		{7BABE72F-07E3-40E9-A65B-4EF98029AE6B}.Debug - Unsafe MDCT|Mixed Platforms.Build.0 = Debug|x86
		{7BABE72F-07E3-40E9-A65B-4EF98029AE6B}.Debug - Unsafe MDCT|x86.ActiveCfg = Debug|x86
		{7BABE72F-07E3-40E9-A65B-4EF98029AE6B}.Debug - Unsafe MDCT|x86.Build.0 = Debug|x86
		{7BABE72F-07E3-40E9-A65B-4EF98029AE6B}.Debug|Any CPU.ActiveCfg = Debug|x86
		{7BABE72F-07E3-40E9-A65B-4EF98029AE6B}.Debug|Mixed Platforms.ActiveCfg = Debug|x86
		{7BABE72F-07E3-40E9-A65B-4EF98029AE6B}.Debug|Mixed Platforms.Build.0 = Debug|x86
		{7BABE72F-07E3-40E9-A65B-4EF98029AE6B}.Debug|x86.ActiveCfg = Debug|x86
		{7BABE72F-07E3-40E9-A65B-4EF98029AE6B}.Debug|x86.Build.0 = Debug|x86
		{7BABE72F-07E3-40E9-A65B-4EF98029AE6B}.Release - Unsafe MDCT|Any CPU.ActiveCfg = Release|x86
		{7BABE72F-07E3-40E9-A65B-4EF98029AE6B}.Release - Unsafe MDCT|Mixed Platforms.ActiveCfg = Release|x86
		{7BABE72F-07E3-40E9-A65B-4EF98029AE6B}.Release - Unsafe MDCT|Mixed Platforms.Build.0 = Release|x86
		{7BABE72F-07E3-40E9-A65B-4EF98029AE6B}.Release - Unsafe MDCT|x86.ActiveCfg = Release|x86
		{7BABE72F-07E3-40E9-A65B-4EF98029AE6B}.Release - Unsafe MDCT|x86.Build.0 = Release|x86
		{7BABE72F-07E3-40E9-A65B-4EF98029AE6B}.Release|Any CPU.ActiveCfg = Release|x86
		{7BABE72F-07E3-40E9-A65B-4EF98029AE6B}.Release|Mixed Platforms.ActiveCfg = Release|x86
		{7BABE72F-07E3-40E9-A65B-4EF98029AE6B}.Release|Mixed Platforms.Build.0 = Release|x86
		{7BABE72F-07E3-40E9-A65B-4EF98029AE6B}.Release|x86.ActiveCfg = Release|x86
		{7BABE72F-07E3-40E9-A65B-4EF98029AE6B}.Release|x86.Build.0 = Release|x86
		{A372E591-DFEF-49C4-9C82-98C4361EFCCD}.Debug - Unsafe MDCT|Any CPU.ActiveCfg = Debug - Unsafe MDCT|Any CPU
		{A372E591-DFEF-49C4-9C82-98C4361EFCCD}.Debug - Unsafe MDCT|Any CPU.Build.0 = Debug - Unsafe MDCT|Any CPU
		{A372E591-DFEF-49C4-9C82-98C4361EFCCD}.Debug - Unsafe MDCT|Mixed Platforms.ActiveCfg = Debug - Unsafe MDCT|Any CPU
		{A372E591-DFEF-49C4-9C82-98C4361EFCCD}.Debug - Unsafe MDCT|Mixed Platforms.Build.0 = Debug - Unsafe MDCT|Any CPU
		{A372E591-DFEF-49C4-9C82-98C4361EFCCD}.Debug - Unsafe MDCT|x86.ActiveCfg = Debug - Unsafe MDCT|Any CPU
		{A372E591-DFEF-49C4-9C82-98C4361EFCCD}.Debug|Any CPU.ActiveCfg = Debug|Any CPU
		{A372E591-DFEF-49C4-9C82-98C4361EFCCD}.Debug|Any CPU.Build.0 = Debug|Any CPU
		{A372E591-DFEF-49C4-9C82-98C4361EFCCD}.Debug|Mixed Platforms.ActiveCfg = Debug|Any CPU
		{A372E591-DFEF-49C4-9C82-98C4361EFCCD}.Debug|Mixed Platforms.Build.0 = Debug|Any CPU
		{A372E591-DFEF-49C4-9C82-98C4361EFCCD}.Debug|x86.ActiveCfg = Debug|Any CPU
		{A372E591-DFEF-49C4-9C82-98C4361EFCCD}.Release - Unsafe MDCT|Any CPU.ActiveCfg = Release - Unsafe MDCT|Any CPU
		{A372E591-DFEF-49C4-9C82-98C4361EFCCD}.Release - Unsafe MDCT|Any CPU.Build.0 = Release - Unsafe MDCT|Any CPU
		{A372E591-DFEF-49C4-9C82-98C4361EFCCD}.Release - Unsafe MDCT|Mixed Platforms.ActiveCfg = Release - Unsafe MDCT|Any CPU
		{A372E591-DFEF-49C4-9C82-98C4361EFCCD}.Release - Unsafe MDCT|Mixed Platforms.Build.0 = Release - Unsafe MDCT|Any CPU
		{A372E591-DFEF-49C4-9C82-98C4361EFCCD}.Release - Unsafe MDCT|x86.ActiveCfg = Release - Unsafe MDCT|Any CPU
		{A372E591-DFEF-49C4-9C82-98C4361EFCCD}.Release|Any CPU.ActiveCfg = Release|Any CPU
		{A372E591-DFEF-49C4-9C82-98C4361EFCCD}.Release|Any CPU.Build.0 = Release|Any CPU
		{A372E591-DFEF-49C4-9C82-98C4361EFCCD}.Release|Mixed Platforms.ActiveCfg = Release|Any CPU
		{A372E591-DFEF-49C4-9C82-98C4361EFCCD}.Release|Mixed Platforms.Build.0 = Release|Any CPU
		{A372E591-DFEF-49C4-9C82-98C4361EFCCD}.Release|x86.ActiveCfg = Release|Any CPU
	EndGlobalSection
	GlobalSection(SolutionProperties) = preSolution
		HideSolutionNode = FALSE
	EndGlobalSection
EndGlobal
